
Microsoft Visual Studio Solution File, Format Version 12.00
# Visual Studio 15
VisualStudioVersion = 15.0.28010.2016
MinimumVisualStudioVersion = 10.0.40219.1
Project("{FAE04EC0-301F-11D3-BF4B-00C04F79EFBC}") = "LightsOutGame", "LightsOutGame.csproj", "{D326D7C4-E8E5-4101-BD80-7791DC9E3A31}"
EndProject
Global
	GlobalSection(SolutionConfigurationPlatforms) = preSolution
		Debug|Any CPU = Debug|Any CPU
		Release|Any CPU = Release|Any CPU
	EndGlobalSection
	GlobalSection(ProjectConfigurationPlatforms) = postSolution
		{D326D7C4-E8E5-4101-BD80-7791DC9E3A31}.Debug|Any CPU.ActiveCfg = Debug|Any CPU
		{D326D7C4-E8E5-4101-BD80-7791DC9E3A31}.Debug|Any CPU.Build.0 = Debug|Any CPU
		{D326D7C4-E8E5-4101-BD80-7791DC9E3A31}.Release|Any CPU.ActiveCfg = Release|Any CPU
		{D326D7C4-E8E5-4101-BD80-7791DC9E3A31}.Release|Any CPU.Build.0 = Release|Any CPU
	EndGlobalSection
	GlobalSection(SolutionProperties) = preSolution
		HideSolutionNode = FALSE
	EndGlobalSection
	GlobalSection(ExtensibilityGlobals) = postSolution
		SolutionGuid = {ABE3756B-5AF8-453B-8195-AF083D3CA70D}
	EndGlobalSection
EndGlobal
